
Microsoft Visual Studio Solution File, Format Version 11.00
# Visual Studio 2010
Project("{8BC9CEB8-8B4A-11D0-8D11-00A0C91BC942}") = "WwiseWrapper", "WwiseWrapper\WwiseWrapper.vcxproj", "{81459DC5-89B3-445F-81D1-25F579A00E3E}"
EndProject
Project("{8BC9CEB8-8B4A-11D0-8D11-00A0C91BC942}") = "WwiseSharp", "WwiseSharp\WwiseSharp.vcxproj", "{B8925513-FCCF-4A5A-8588-203B4A0BC553}"
EndProject
Global
	GlobalSection(SubversionScc) = preSolution
		Svn-Managed = True
		Manager = AnkhSVN - Subversion Support for Visual Studio
	EndGlobalSection
	GlobalSection(SolutionConfigurationPlatforms) = preSolution
		Debug|Win32 = Debug|Win32
		Release|Win32 = Release|Win32
	EndGlobalSection
	GlobalSection(ProjectConfigurationPlatforms) = postSolution
		{81459DC5-89B3-445F-81D1-25F579A00E3E}.Debug|Win32.ActiveCfg = Debug|Win32
		{81459DC5-89B3-445F-81D1-25F579A00E3E}.Debug|Win32.Build.0 = Debug|Win32
		{81459DC5-89B3-445F-81D1-25F579A00E3E}.Release|Win32.ActiveCfg = Release|Win32
		{81459DC5-89B3-445F-81D1-25F579A00E3E}.Release|Win32.Build.0 = Release|Win32
		{B8925513-FCCF-4A5A-8588-203B4A0BC553}.Debug|Win32.ActiveCfg = Debug|Win32
		{B8925513-FCCF-4A5A-8588-203B4A0BC553}.Debug|Win32.Build.0 = Debug|Win32
		{B8925513-FCCF-4A5A-8588-203B4A0BC553}.Release|Win32.ActiveCfg = Release|Win32
		{B8925513-FCCF-4A5A-8588-203B4A0BC553}.Release|Win32.Build.0 = Release|Win32
	EndGlobalSection
	GlobalSection(SolutionProperties) = preSolution
		HideSolutionNode = FALSE
	EndGlobalSection
EndGlobal
